
Microsoft Visual Studio Solution File, Format Version 12.00
# Visual Studio Version 16
VisualStudioVersion = 16.0.30128.36
MinimumVisualStudioVersion = 10.0.40219.1
Project("{9A19103F-16F7-4668-BE54-9A1E7A4F7556}") = "Microblog.API", "src\Microblog.API\Microblog.API.csproj", "{303076AA-89A3-469A-B433-893FCD096A70}"
EndProject
Project("{FAE04EC0-301F-11D3-BF4B-00C04F79EFBC}") = "Microblog.API.Tests", "src\Microblog.API.Tests\Microblog.API.Tests.csproj", "{394DA5E6-DBFE-43AA-B82F-D65372A909E0}"
EndProject
Project("{2150E333-8FDC-42A3-9474-1A3956D46DE8}") = "Solution Items", "Solution Items", "{18523613-3DD7-41D6-B668-D65BAA67019A}"
	ProjectSection(SolutionItems) = preProject
		.gitattributes = .gitattributes
		.gitignore = .gitignore
	EndProjectSection
EndProject
Global
	GlobalSection(SolutionConfigurationPlatforms) = preSolution
		Debug|Any CPU = Debug|Any CPU
		Release|Any CPU = Release|Any CPU
	EndGlobalSection
	GlobalSection(ProjectConfigurationPlatforms) = postSolution
		{303076AA-89A3-469A-B433-893FCD096A70}.Debug|Any CPU.ActiveCfg = Debug|Any CPU
		{303076AA-89A3-469A-B433-893FCD096A70}.Debug|Any CPU.Build.0 = Debug|Any CPU
		{303076AA-89A3-469A-B433-893FCD096A70}.Release|Any CPU.ActiveCfg = Release|Any CPU
		{303076AA-89A3-469A-B433-893FCD096A70}.Release|Any CPU.Build.0 = Release|Any CPU
		{394DA5E6-DBFE-43AA-B82F-D65372A909E0}.Debug|Any CPU.ActiveCfg = Debug|Any CPU
		{394DA5E6-DBFE-43AA-B82F-D65372A909E0}.Debug|Any CPU.Build.0 = Debug|Any CPU
		{394DA5E6-DBFE-43AA-B82F-D65372A909E0}.Release|Any CPU.ActiveCfg = Release|Any CPU
		{394DA5E6-DBFE-43AA-B82F-D65372A909E0}.Release|Any CPU.Build.0 = Release|Any CPU
	EndGlobalSection
	GlobalSection(SolutionProperties) = preSolution
		HideSolutionNode = FALSE
	EndGlobalSection
	GlobalSection(ExtensibilityGlobals) = postSolution
		SolutionGuid = {668BFB6F-6B58-42AE-9E9E-A3880229C5F9}
	EndGlobalSection
EndGlobal
